
Microsoft Visual Studio Solution File, Format Version 12.00
# Visual Studio Version 17
VisualStudioVersion = 17.10.34804.81
MinimumVisualStudioVersion = 10.0.40219.1
Project("{9A19103F-16F7-4668-BE54-9A1E7A4F7556}") = "CleanHub", "CleanHub.csproj", "{D371E99B-54D0-436B-B60C-DDBF679AB632}"
EndProject
Global
	GlobalSection(SolutionConfigurationPlatforms) = preSolution
		Debug|Any CPU = Debug|Any CPU
		Release|Any CPU = Release|Any CPU
	EndGlobalSection
	GlobalSection(ProjectConfigurationPlatforms) = postSolution
		{D371E99B-54D0-436B-B60C-DDBF679AB632}.Debug|Any CPU.ActiveCfg = Debug|Any CPU
		{D371E99B-54D0-436B-B60C-DDBF679AB632}.Debug|Any CPU.Build.0 = Debug|Any CPU
		{D371E99B-54D0-436B-B60C-DDBF679AB632}.Release|Any CPU.ActiveCfg = Release|Any CPU
		{D371E99B-54D0-436B-B60C-DDBF679AB632}.Release|Any CPU.Build.0 = Release|Any CPU
	EndGlobalSection
	GlobalSection(SolutionProperties) = preSolution
		HideSolutionNode = FALSE
	EndGlobalSection
	GlobalSection(ExtensibilityGlobals) = postSolution
		SolutionGuid = {0A799A0B-1A05-4844-983D-967FE80B1529}
	EndGlobalSection
EndGlobal
